<?xml version="1.0" encoding="utf-8"?>
<Project ToolsVersion="4.0" xmlns="http://schemas.microsoft.com/developer/msbuild/2003">
  <ItemGroup>
    <ClCompile Include="j1Main.cpp" />
    <ClCompile Include="j1App.cpp" />
    <ClCompile Include="j1Scene.cpp">
      <Filter>Scene</Filter>
    </ClCompile>
    <ClCompile Include="j1Audio.cpp">
      <Filter>Modules</Filter>
    </ClCompile>
    <ClCompile Include="j1Input.cpp">
      <Filter>Modules</Filter>
    </ClCompile>
    <ClCompile Include="j1Render.cpp">
      <Filter>Modules</Filter>
    </ClCompile>
    <ClCompile Include="j1Textures.cpp">
      <Filter>Modules</Filter>
    </ClCompile>
    <ClCompile Include="j1Window.cpp">
      <Filter>Modules</Filter>
    </ClCompile>
    <ClCompile Include="j1PerfTimer.cpp">
      <Filter>Tools</Filter>
    </ClCompile>
    <ClCompile Include="j1Timer.cpp">
      <Filter>Tools</Filter>
    </ClCompile>
    <ClCompile Include="p2Log.cpp">
      <Filter>Tools</Filter>
    </ClCompile>
    <ClCompile Include="PugiXml\src\pugixml.cpp">
      <Filter>Pugi</Filter>
    </ClCompile>
    <ClCompile Include="j1FileManager.cpp">
      <Filter>Modules</Filter>
    </ClCompile>
  </ItemGroup>
  <ItemGroup>
    <ClInclude Include="j1App.h" />
    <ClInclude Include="j1Module.h" />
    <ClInclude Include="j1Scene.h">
      <Filter>Scene</Filter>
    </ClInclude>
    <ClInclude Include="j1Audio.h">
      <Filter>Modules</Filter>
    </ClInclude>
    <ClInclude Include="j1Input.h">
      <Filter>Modules</Filter>
    </ClInclude>
    <ClInclude Include="j1Render.h">
      <Filter>Modules</Filter>
    </ClInclude>
    <ClInclude Include="j1Textures.h">
      <Filter>Modules</Filter>
    </ClInclude>
    <ClInclude Include="j1Window.h">
      <Filter>Modules</Filter>
    </ClInclude>
    <ClInclude Include="j1PerfTimer.h">
      <Filter>Tools</Filter>
    </ClInclude>
    <ClInclude Include="j1Timer.h">
      <Filter>Tools</Filter>
    </ClInclude>
    <ClInclude Include="p2Animation.h">
      <Filter>Tools</Filter>
    </ClInclude>
    <ClInclude Include="p2Defs.h">
      <Filter>Tools</Filter>
    </ClInclude>
    <ClInclude Include="p2Log.h">
      <Filter>Tools</Filter>
    </ClInclude>
    <ClInclude Include="p2Point.h">
      <Filter>Tools</Filter>
    </ClInclude>
    <ClInclude Include="p2Properties.h">
      <Filter>Tools</Filter>
    </ClInclude>
    <ClInclude Include="PugiXml\src\pugiconfig.hpp">
      <Filter>Pugi</Filter>
    </ClInclude>
    <ClInclude Include="PugiXml\src\pugixml.hpp">
      <Filter>Pugi</Filter>
    </ClInclude>
    <ClInclude Include="j1FileManager.h">
      <Filter>Modules</Filter>
    </ClInclude>
  </ItemGroup>
  <ItemGroup>
    <Xml Include="Game\config.xml" />
  </ItemGroup>
  <ItemGroup>
    <Filter Include="Scene">
      <UniqueIdentifier>{ff963f52-997c-4aaf-a7d2-d99ef0681744}</UniqueIdentifier>
    </Filter>
    <Filter Include="Modules">
      <UniqueIdentifier>{f68c0ba1-595a-47da-8a44-403a12163df6}</UniqueIdentifier>
    </Filter>
    <Filter Include="Tools">
      <UniqueIdentifier>{55bdddfb-d49a-463d-b5fb-c717dd6caedd}</UniqueIdentifier>
    </Filter>
    <Filter Include="Pugi">
      <UniqueIdentifier>{1f5bd246-063c-4107-824c-2819c98e2eeb}</UniqueIdentifier>
    </Filter>
  </ItemGroup>
</Project>