<?xml version="1.0" encoding="utf-8"?>
<Project ToolsVersion="4.0" xmlns="http://schemas.microsoft.com/developer/msbuild/2003">
  <ItemGroup>
    <ClCompile Include="j1Main.cpp" />
    <ClCompile Include="j1App.cpp" />
    <ClCompile Include="j1AssetManager.cpp">
      <Filter>Modules</Filter>
    </ClCompile>
    <ClCompile Include="j1Audio.cpp">
      <Filter>Modules</Filter>
    </ClCompile>
    <ClCompile Include="j1Fonts.cpp">
      <Filter>Modules</Filter>
    </ClCompile>
    <ClCompile Include="j1Input.cpp">
      <Filter>Modules</Filter>
    </ClCompile>
    <ClCompile Include="j1Render.cpp">
      <Filter>Modules</Filter>
    </ClCompile>
    <ClCompile Include="j1Textures.cpp">
      <Filter>Modules</Filter>
    </ClCompile>
    <ClCompile Include="j1Window.cpp">
      <Filter>Modules</Filter>
    </ClCompile>
    <ClCompile Include="PugiXml\src\pugixml.cpp">
      <Filter>PugiXML</Filter>
    </ClCompile>
    <ClCompile Include="p2Log.cpp">
      <Filter>Tools</Filter>
    </ClCompile>
    <ClCompile Include="j1Timer.cpp">
      <Filter>Tools</Filter>
    </ClCompile>
    <ClCompile Include="j1PerfTimer.cpp">
      <Filter>Tools</Filter>
    </ClCompile>
    <ClCompile Include="j1Scene.cpp">
      <Filter>Scene</Filter>
    </ClCompile>
  </ItemGroup>
  <ItemGroup>
    <ClInclude Include="j1App.h" />
    <ClInclude Include="j1Module.h" />
    <ClInclude Include="j1AssetManager.h">
      <Filter>Modules</Filter>
    </ClInclude>
    <ClInclude Include="j1Audio.h">
      <Filter>Modules</Filter>
    </ClInclude>
    <ClInclude Include="j1Fonts.h">
      <Filter>Modules</Filter>
    </ClInclude>
    <ClInclude Include="j1Input.h">
      <Filter>Modules</Filter>
    </ClInclude>
    <ClInclude Include="j1Render.h">
      <Filter>Modules</Filter>
    </ClInclude>
    <ClInclude Include="j1Textures.h">
      <Filter>Modules</Filter>
    </ClInclude>
    <ClInclude Include="j1Window.h">
      <Filter>Modules</Filter>
    </ClInclude>
    <ClInclude Include="PugiXml\src\pugixml.hpp">
      <Filter>PugiXML</Filter>
    </ClInclude>
    <ClInclude Include="PugiXml\src\pugiconfig.hpp">
      <Filter>PugiXML</Filter>
    </ClInclude>
    <ClInclude Include="p2Properties.h">
      <Filter>Tools</Filter>
    </ClInclude>
    <ClInclude Include="p2Point.h">
      <Filter>Tools</Filter>
    </ClInclude>
    <ClInclude Include="p2Log.h">
      <Filter>Tools</Filter>
    </ClInclude>
    <ClInclude Include="p2Line.h">
      <Filter>Tools</Filter>
    </ClInclude>
    <ClInclude Include="p2Defs.h">
      <Filter>Tools</Filter>
    </ClInclude>
    <ClInclude Include="p2Animation.h">
      <Filter>Tools</Filter>
    </ClInclude>
    <ClInclude Include="j1Timer.h">
      <Filter>Tools</Filter>
    </ClInclude>
    <ClInclude Include="j1PerfTimer.h">
      <Filter>Tools</Filter>
    </ClInclude>
    <ClInclude Include="j1Scene.h">
      <Filter>Scene</Filter>
    </ClInclude>
  </ItemGroup>
  <ItemGroup>
    <Xml Include="Game\config.xml" />
    <Xml Include="Game\save_game.xml" />
  </ItemGroup>
  <ItemGroup>
    <Filter Include="Modules">
      <UniqueIdentifier>{6ca52659-97eb-4ad0-9095-a12c0ee2c14f}</UniqueIdentifier>
    </Filter>
    <Filter Include="PugiXML">
      <UniqueIdentifier>{43be01ff-68d9-4ec2-9ec8-1b5771be44df}</UniqueIdentifier>
    </Filter>
    <Filter Include="Tools">
      <UniqueIdentifier>{1bbc1519-35d8-4bee-bb02-63de26856697}</UniqueIdentifier>
    </Filter>
    <Filter Include="Scene">
      <UniqueIdentifier>{507dad00-6a58-47df-a1f3-a3b1f220a1d9}</UniqueIdentifier>
    </Filter>
  </ItemGroup>
</Project>